# THIS IS AN AUTOGENERATED FILE. DO NOT EDIT THIS FILE DIRECTLY.
# yarn lockfile v1


"@types/node@^22.15.21":
  version "22.15.21"
  resolved "https://registry.yarnpkg.com/@types/node/-/node-22.15.21.tgz#196ef14fe20d87f7caf1e7b39832767f9a995b77"
  integrity sha512-EV/37Td6c+MgKAbkcLG6vqZ2zEYHD7bvSrzqqs2RIhbA6w3x+Dqz8MZM3sP6kGTeLrdoOgKZe+Xja7tUB2DNkQ==
  dependencies:
    undici-types "~6.21.0"

console-table-without-index@^0.1.1:
  version "0.1.1"
  resolved "https://registry.yarnpkg.com/console-table-without-index/-/console-table-without-index-0.1.1.tgz#15d4e0c18230d60919e676a3f5ad4216f1f59d19"
  integrity sha512-afFFu25d5aS/ME5RHJcfsyWQucijEqYTF9L/sqbNhioC5q9HTmm+MipswZJmcPnDXSFM7PmqK61Mq511/61iJg==
  dependencies:
    not-a-log "^1.0.1"

not-a-log@^1.0.1:
  version "1.0.2"
  resolved "https://registry.yarnpkg.com/not-a-log/-/not-a-log-1.0.2.tgz#d74c0f0083d23c3226c51ae856cf5215a81c9084"
  integrity sha512-VY4FJzIwL7hrjJbnAgGW50eVAsLXvYjjvKSigPcXOTH26fYut7vX5OuZY8RoQJjkRoYDWf31Kh7fxqsL028nOw==

typescript@^5.8.3:
  version "5.8.3"
  resolved "https://registry.yarnpkg.com/typescript/-/typescript-5.8.3.tgz#92f8a3e5e3cf497356f4178c34cd65a7f5e8440e"
  integrity sha512-p1diW6TqL9L07nNxvRMM7hMMw4c5XOo/1ibL4aAIGmSAt9slTE1Xgw5KWuof2uTOvCg9BY7ZRi+GaF+7sfgPeQ==

undici-types@~6.21.0:
  version "6.21.0"
  resolved "https://registry.yarnpkg.com/undici-types/-/undici-types-6.21.0.tgz#691d00af3909be93a7faa13be61b3a5b50ef12cb"
  integrity sha512-iwDZqg0QAGrg9Rav5H4n0M64c3mkR59cJ6wQp+7C4nI0gsmExaedaYLNO44eT4AtBBwjbTiGPMlt2Md0T9H9JQ==
